
Microsoft Visual Studio Solution File, Format Version 12.00
# Visual Studio Version 16
VisualStudioVersion = 16.0.30204.135
MinimumVisualStudioVersion = 10.0.40219.1
Project("{FAE04EC0-301F-11D3-BF4B-00C04F79EFBC}") = "TodoApi", "TodoApi\TodoApi.csproj", "{D04B7938-8AFE-49BD-9A41-CC3FAE541DEE}"
EndProject
Global
	GlobalSection(SolutionConfigurationPlatforms) = preSolution
		Debug|Any CPU = Debug|Any CPU
		Release|Any CPU = Release|Any CPU
	EndGlobalSection
	GlobalSection(ProjectConfigurationPlatforms) = postSolution
		{D04B7938-8AFE-49BD-9A41-CC3FAE541DEE}.Debug|Any CPU.ActiveCfg = Debug|Any CPU
		{D04B7938-8AFE-49BD-9A41-CC3FAE541DEE}.Debug|Any CPU.Build.0 = Debug|Any CPU
		{D04B7938-8AFE-49BD-9A41-CC3FAE541DEE}.Release|Any CPU.ActiveCfg = Release|Any CPU
		{D04B7938-8AFE-49BD-9A41-CC3FAE541DEE}.Release|Any CPU.Build.0 = Release|Any CPU
	EndGlobalSection
	GlobalSection(SolutionProperties) = preSolution
		HideSolutionNode = FALSE
	EndGlobalSection
	GlobalSection(ExtensibilityGlobals) = postSolution
		SolutionGuid = {BFE53CCE-FDA5-41A2-B37A-80595606F5B4}
	EndGlobalSection
EndGlobal
